
Microsoft Visual Studio Solution File, Format Version 12.00
# Visual Studio Version 16
VisualStudioVersion = 16.0.29926.136
MinimumVisualStudioVersion = 10.0.40219.1
Project("{FAE04EC0-301F-11D3-BF4B-00C04F79EFBC}") = "Lab_Core3.1", "Lab_Core3.1\Lab_Core3.1.csproj", "{F1E06B02-EACC-46DA-8C25-E780DFE45CFF}"
EndProject
Global
	GlobalSection(SolutionConfigurationPlatforms) = preSolution
		Debug|Any CPU = Debug|Any CPU
		Release|Any CPU = Release|Any CPU
	EndGlobalSection
	GlobalSection(ProjectConfigurationPlatforms) = postSolution
		{F1E06B02-EACC-46DA-8C25-E780DFE45CFF}.Debug|Any CPU.ActiveCfg = Debug|Any CPU
		{F1E06B02-EACC-46DA-8C25-E780DFE45CFF}.Debug|Any CPU.Build.0 = Debug|Any CPU
		{F1E06B02-EACC-46DA-8C25-E780DFE45CFF}.Release|Any CPU.ActiveCfg = Release|Any CPU
		{F1E06B02-EACC-46DA-8C25-E780DFE45CFF}.Release|Any CPU.Build.0 = Release|Any CPU
	EndGlobalSection
	GlobalSection(SolutionProperties) = preSolution
		HideSolutionNode = FALSE
	EndGlobalSection
	GlobalSection(ExtensibilityGlobals) = postSolution
		SolutionGuid = {23A283E0-3D5B-4F72-8BEC-3C3753394BDD}
	EndGlobalSection
EndGlobal
